
Microsoft Visual Studio Solution File, Format Version 12.00
# Visual Studio Version 16
VisualStudioVersion = 16.0.30225.117
MinimumVisualStudioVersion = 10.0.40219.1
Project("{FAE04EC0-301F-11D3-BF4B-00C04F79EFBC}") = "Datos", "Datos\Datos.csproj", "{6848C6AA-6060-422D-B9FD-616B85F75679}"
EndProject
Project("{FAE04EC0-301F-11D3-BF4B-00C04F79EFBC}") = "Entidades", "Entidades\Entidades.csproj", "{D4E848EE-9DAB-487B-A244-93C9A2E8325B}"
EndProject
Project("{FAE04EC0-301F-11D3-BF4B-00C04F79EFBC}") = "ApiRest2", "ApiRest2\ApiRest2.csproj", "{C78393A2-1AAA-46CD-8EB3-CBAF4CD19663}"
EndProject
Global
	GlobalSection(SolutionConfigurationPlatforms) = preSolution
		Debug|Any CPU = Debug|Any CPU
		Release|Any CPU = Release|Any CPU
	EndGlobalSection
	GlobalSection(ProjectConfigurationPlatforms) = postSolution
		{6848C6AA-6060-422D-B9FD-616B85F75679}.Debug|Any CPU.ActiveCfg = Debug|Any CPU
		{6848C6AA-6060-422D-B9FD-616B85F75679}.Debug|Any CPU.Build.0 = Debug|Any CPU
		{6848C6AA-6060-422D-B9FD-616B85F75679}.Release|Any CPU.ActiveCfg = Release|Any CPU
		{6848C6AA-6060-422D-B9FD-616B85F75679}.Release|Any CPU.Build.0 = Release|Any CPU
		{D4E848EE-9DAB-487B-A244-93C9A2E8325B}.Debug|Any CPU.ActiveCfg = Debug|Any CPU
		{D4E848EE-9DAB-487B-A244-93C9A2E8325B}.Debug|Any CPU.Build.0 = Debug|Any CPU
		{D4E848EE-9DAB-487B-A244-93C9A2E8325B}.Release|Any CPU.ActiveCfg = Release|Any CPU
		{D4E848EE-9DAB-487B-A244-93C9A2E8325B}.Release|Any CPU.Build.0 = Release|Any CPU
		{C78393A2-1AAA-46CD-8EB3-CBAF4CD19663}.Debug|Any CPU.ActiveCfg = Debug|Any CPU
		{C78393A2-1AAA-46CD-8EB3-CBAF4CD19663}.Debug|Any CPU.Build.0 = Debug|Any CPU
		{C78393A2-1AAA-46CD-8EB3-CBAF4CD19663}.Release|Any CPU.ActiveCfg = Release|Any CPU
		{C78393A2-1AAA-46CD-8EB3-CBAF4CD19663}.Release|Any CPU.Build.0 = Release|Any CPU
	EndGlobalSection
	GlobalSection(SolutionProperties) = preSolution
		HideSolutionNode = FALSE
	EndGlobalSection
	GlobalSection(ExtensibilityGlobals) = postSolution
		SolutionGuid = {EECA2724-48AF-412E-93A6-BCA2C24DB3CF}
	EndGlobalSection
EndGlobal
